
Microsoft Visual Studio Solution File, Format Version 12.00
# Visual Studio 15
VisualStudioVersion = 15.0.28010.2026
MinimumVisualStudioVersion = 10.0.40219.1
Project("{2150E333-8FDC-42A3-9474-1A3956D46DE8}") = "Arthur", "Arthur", "{C2C176EE-22C1-49F5-AA4A-0E992B157E73}"
EndProject
Project("{2150E333-8FDC-42A3-9474-1A3956D46DE8}") = "Clients", "Clients", "{4C106B58-3347-436A-9FB1-393F0BBB6400}"
EndProject
Project("{2150E333-8FDC-42A3-9474-1A3956D46DE8}") = "SzYitong", "SzYitong", "{A713AAD6-D63F-4E71-BBDA-8347BC5C49EB}"
EndProject
Project("{FAE04EC0-301F-11D3-BF4B-00C04F79EFBC}") = "Arthur", "Arthur\Arthur.csproj", "{1090299D-1C85-4E87-B155-B28AB93985FA}"
EndProject
Project("{FAE04EC0-301F-11D3-BF4B-00C04F79EFBC}") = "SzYitong.Bis.App", "Clients\SzYitong\SzYitong.Bis.App\SzYitong.Bis.App.csproj", "{F54894ED-4B94-4FF2-985C-864AECFA4AB2}"
EndProject
Project("{FAE04EC0-301F-11D3-BF4B-00C04F79EFBC}") = "SzYitong.Bis", "Clients\SzYitong\SzYitong.Bis\SzYitong.Bis.csproj", "{2A09CA22-80D4-4624-A507-CF348F015E49}"
EndProject
Project("{2150E333-8FDC-42A3-9474-1A3956D46DE8}") = "Arthur", "Arthur", "{25DC6AA5-F373-4655-A47A-FF4DDEEF0366}"
EndProject
Project("{FAE04EC0-301F-11D3-BF4B-00C04F79EFBC}") = "Arthur.Test.Wpf", "Clients\Arthur\Arthur.Test.Wpf\Arthur.Test.Wpf.csproj", "{B63712DF-45FE-4A51-880D-E7C85D4F66CD}"
EndProject
Project("{FAE04EC0-301F-11D3-BF4B-00C04F79EFBC}") = "Arthur.Test.WinForm", "Clients\Arthur\Arthur.Test.WinForm\Arthur.Test.WinForm.csproj", "{FFFC1B41-655E-4F98-916A-4C73DC13095F}"
EndProject
Project("{FAE04EC0-301F-11D3-BF4B-00C04F79EFBC}") = "Arthur.App", "Arthur.App\Arthur.App.csproj", "{8EE84E4D-AC41-4622-B1D1-7088DF600E49}"
EndProject
Project("{FAE04EC0-301F-11D3-BF4B-00C04F79EFBC}") = "Arthur.View", "Arthur.View\Arthur.View.csproj", "{1B0A54CC-658B-4ECC-AEE3-B2B3FEB87ACD}"
EndProject
Global
	GlobalSection(SolutionConfigurationPlatforms) = preSolution
		Debug|Any CPU = Debug|Any CPU
		Release|Any CPU = Release|Any CPU
	EndGlobalSection
	GlobalSection(ProjectConfigurationPlatforms) = postSolution
		{1090299D-1C85-4E87-B155-B28AB93985FA}.Debug|Any CPU.ActiveCfg = Debug|Any CPU
		{1090299D-1C85-4E87-B155-B28AB93985FA}.Debug|Any CPU.Build.0 = Debug|Any CPU
		{1090299D-1C85-4E87-B155-B28AB93985FA}.Release|Any CPU.ActiveCfg = Release|Any CPU
		{1090299D-1C85-4E87-B155-B28AB93985FA}.Release|Any CPU.Build.0 = Release|Any CPU
		{F54894ED-4B94-4FF2-985C-864AECFA4AB2}.Debug|Any CPU.ActiveCfg = Debug|Any CPU
		{F54894ED-4B94-4FF2-985C-864AECFA4AB2}.Debug|Any CPU.Build.0 = Debug|Any CPU
		{F54894ED-4B94-4FF2-985C-864AECFA4AB2}.Release|Any CPU.ActiveCfg = Release|Any CPU
		{F54894ED-4B94-4FF2-985C-864AECFA4AB2}.Release|Any CPU.Build.0 = Release|Any CPU
		{2A09CA22-80D4-4624-A507-CF348F015E49}.Debug|Any CPU.ActiveCfg = Debug|Any CPU
		{2A09CA22-80D4-4624-A507-CF348F015E49}.Debug|Any CPU.Build.0 = Debug|Any CPU
		{2A09CA22-80D4-4624-A507-CF348F015E49}.Release|Any CPU.ActiveCfg = Release|Any CPU
		{2A09CA22-80D4-4624-A507-CF348F015E49}.Release|Any CPU.Build.0 = Release|Any CPU
		{B63712DF-45FE-4A51-880D-E7C85D4F66CD}.Debug|Any CPU.ActiveCfg = Debug|Any CPU
		{B63712DF-45FE-4A51-880D-E7C85D4F66CD}.Debug|Any CPU.Build.0 = Debug|Any CPU
		{B63712DF-45FE-4A51-880D-E7C85D4F66CD}.Release|Any CPU.ActiveCfg = Release|Any CPU
		{B63712DF-45FE-4A51-880D-E7C85D4F66CD}.Release|Any CPU.Build.0 = Release|Any CPU
		{FFFC1B41-655E-4F98-916A-4C73DC13095F}.Debug|Any CPU.ActiveCfg = Debug|Any CPU
		{FFFC1B41-655E-4F98-916A-4C73DC13095F}.Debug|Any CPU.Build.0 = Debug|Any CPU
		{FFFC1B41-655E-4F98-916A-4C73DC13095F}.Release|Any CPU.ActiveCfg = Release|Any CPU
		{FFFC1B41-655E-4F98-916A-4C73DC13095F}.Release|Any CPU.Build.0 = Release|Any CPU
		{8EE84E4D-AC41-4622-B1D1-7088DF600E49}.Debug|Any CPU.ActiveCfg = Debug|Any CPU
		{8EE84E4D-AC41-4622-B1D1-7088DF600E49}.Debug|Any CPU.Build.0 = Debug|Any CPU
		{8EE84E4D-AC41-4622-B1D1-7088DF600E49}.Release|Any CPU.ActiveCfg = Release|Any CPU
		{8EE84E4D-AC41-4622-B1D1-7088DF600E49}.Release|Any CPU.Build.0 = Release|Any CPU
		{1B0A54CC-658B-4ECC-AEE3-B2B3FEB87ACD}.Debug|Any CPU.ActiveCfg = Debug|Any CPU
		{1B0A54CC-658B-4ECC-AEE3-B2B3FEB87ACD}.Debug|Any CPU.Build.0 = Debug|Any CPU
		{1B0A54CC-658B-4ECC-AEE3-B2B3FEB87ACD}.Release|Any CPU.ActiveCfg = Release|Any CPU
		{1B0A54CC-658B-4ECC-AEE3-B2B3FEB87ACD}.Release|Any CPU.Build.0 = Release|Any CPU
	EndGlobalSection
	GlobalSection(SolutionProperties) = preSolution
		HideSolutionNode = FALSE
	EndGlobalSection
	GlobalSection(NestedProjects) = preSolution
		{A713AAD6-D63F-4E71-BBDA-8347BC5C49EB} = {4C106B58-3347-436A-9FB1-393F0BBB6400}
		{1090299D-1C85-4E87-B155-B28AB93985FA} = {C2C176EE-22C1-49F5-AA4A-0E992B157E73}
		{F54894ED-4B94-4FF2-985C-864AECFA4AB2} = {A713AAD6-D63F-4E71-BBDA-8347BC5C49EB}
		{2A09CA22-80D4-4624-A507-CF348F015E49} = {A713AAD6-D63F-4E71-BBDA-8347BC5C49EB}
		{25DC6AA5-F373-4655-A47A-FF4DDEEF0366} = {4C106B58-3347-436A-9FB1-393F0BBB6400}
		{B63712DF-45FE-4A51-880D-E7C85D4F66CD} = {25DC6AA5-F373-4655-A47A-FF4DDEEF0366}
		{FFFC1B41-655E-4F98-916A-4C73DC13095F} = {25DC6AA5-F373-4655-A47A-FF4DDEEF0366}
		{8EE84E4D-AC41-4622-B1D1-7088DF600E49} = {C2C176EE-22C1-49F5-AA4A-0E992B157E73}
		{1B0A54CC-658B-4ECC-AEE3-B2B3FEB87ACD} = {C2C176EE-22C1-49F5-AA4A-0E992B157E73}
	EndGlobalSection
	GlobalSection(ExtensibilityGlobals) = postSolution
		SolutionGuid = {BF2402D6-D30C-40A9-A451-F623E774C1AA}
	EndGlobalSection
EndGlobal
